github.com/lcylpzls/errx v1.5.4 h1:xEQRgYJEF7bArQqRe70yHDk+W17OcXSVo8g+knSGr70=
github.com/lcylpzls/errx v1.5.4/go.mod h1:Eo26wXcmV2hdMB1CJvhFc4zLZr4aNutlvakzwTzwncM=
github.com/lcylpzls/logx v1.3.0 h1:8PMkVJKu6ZvMFOmvOeeoiCsBmkQrdP5nTk5FQ7g4tK8=
github.com/lcylpzls/logx v1.3.0/go.mod h1:eX8QMpxjv2igvhDPeHyCaFOp1wfNTpJVTmAQbn9naoE=
github.com/lcylpzls/testx v1.4.1 h1:AwncHEN/C7BkuDVdt2Wt2l08xbJu9GUB92LwPeMiu6c=
github.com/lcylpzls/testx v1.4.1/go.mod h1:fSIAIHupdm3N+YU1CqHxsfXUb3z8bz5NF6AXDPzMha0=
golang.org/x/crypto v0.54.0 h1:YLIA59K4fiNzHzjnZt2tUJQjQtUWfWbeHBqKtk3eScw=
golang.org/x/crypto v0.54.0/go.mod h1:KWL8ny2AZdGR2cWmzeHrp2azQPGogOv+HeQaVEXC2dk=
golang.org/x/sys v0.47.0 h1:o7XGOvZQCADBQQ4Y7VNq2dRWQR7JmOUW8Kxx4ZsNgWs=
golang.org/x/sys v0.47.0/go.mod h1:4GL1E5IUh+htKOUEOaiffhrAeqysfVGipDYzABqnCmw=
