github.com/lcylpzls/cryptox v1.0.0 h1:W11mzXd3ZUQ6gaKzZ9w8XWJUoF9MmkGBb2ESK5ju8CQ=
github.com/lcylpzls/cryptox v1.0.0/go.mod h1:lQXRLN/RG/virENBno3c9KbhXuflFRqaDPdgAVWaWmA=
github.com/lcylpzls/errx v1.4.0 h1:CdlMZuf2F49PCyUkRROf11i1gHcAI38GTG+kxMAGQWI=
github.com/lcylpzls/errx v1.4.0/go.mod h1:+GcqVS4+6iuHvCELjwpsc1RKrdEtSNz00xq0lFrgdgI=
github.com/lcylpzls/logx v1.2.5 h1:SZRtkhUUr51x9CTgsRq1tN8YBwlnOydTvIvf9ufMl68=
github.com/lcylpzls/logx v1.2.5/go.mod h1:icJFvWzNtDZ1rEPOAzYfoSpgd0qIOIq6FJrjl3gYVHc=
github.com/lcylpzls/testx v1.4.1 h1:AwncHEN/C7BkuDVdt2Wt2l08xbJu9GUB92LwPeMiu6c=
github.com/lcylpzls/testx v1.4.1/go.mod h1:fSIAIHupdm3N+YU1CqHxsfXUb3z8bz5NF6AXDPzMha0=
golang.org/x/crypto v0.54.0 h1:YLIA59K4fiNzHzjnZt2tUJQjQtUWfWbeHBqKtk3eScw=
golang.org/x/crypto v0.54.0/go.mod h1:KWL8ny2AZdGR2cWmzeHrp2azQPGogOv+HeQaVEXC2dk=
golang.org/x/sys v0.47.0 h1:o7XGOvZQCADBQQ4Y7VNq2dRWQR7JmOUW8Kxx4ZsNgWs=
golang.org/x/sys v0.47.0/go.mod h1:4GL1E5IUh+htKOUEOaiffhrAeqysfVGipDYzABqnCmw=
